schema: '2.0'
stages:
  prepare:
    cmd: venv/bin/python pipeline/prepare_data.py
    deps:
    - path: data/raw/imdb.csv
      hash: md5
      md5: 308443a50e5c993e7b8a1cdb95750026
      size: 66212309
    - path: pipeline/prepare_data.py
      hash: md5
      md5: 172627d158d59288b7539b0cedc783cc
      size: 2325
    outs:
    - path: data/processed/test.csv
      hash: md5
      md5: 6670921fa659501d14e4b701d2517c80
      size: 12705664
    - path: data/processed/train.csv
      hash: md5
      md5: 107601e2a6ff8bce2cf0e757b43ef12a
      size: 51048281
  train:
    cmd: venv/bin/python pipeline/train.py
    deps:
    - path: data/processed/train.csv
      hash: md5
      md5: 107601e2a6ff8bce2cf0e757b43ef12a
      size: 51048281
    - path: pipeline/train.py
      hash: md5
      md5: a2f9c76d590c6c4c0bd3acb437d27b9f
      size: 3338
    outs:
    - path: models/model.pkl
      hash: md5
      md5: 54c929a47f40cd6cc91b3419befa508d
      size: 161023
    - path: models/vectorizer.pkl
      hash: md5
      md5: fa1fb004ea8764f0bfc333da0ce12258
      size: 739600
  evaluate:
    cmd: venv/bin/python pipeline/evaluate.py
    deps:
    - path: data/processed/test.csv
      hash: md5
      md5: 6670921fa659501d14e4b701d2517c80
      size: 12705664
    - path: models/model.pkl
      hash: md5
      md5: 54c929a47f40cd6cc91b3419befa508d
      size: 161023
    - path: models/vectorizer.pkl
      hash: md5
      md5: fa1fb004ea8764f0bfc333da0ce12258
      size: 739600
    - path: pipeline/evaluate.py
      hash: md5
      md5: 74e475539fc6f5276aa85eb012dae105
      size: 4114
    outs:
    - path: metrics.json
      hash: md5
      md5: e18665cd83271d74802a7043cc01056d
      size: 210
    - path: metrics.txt
      hash: md5
      md5: 122b353ee7d888ae1ad26c5ee7428f30
      size: 67
